
Microsoft Visual Studio Solution File, Format Version 12.00
# Visual Studio 15
VisualStudioVersion = 15.0.26124.0
MinimumVisualStudioVersion = 15.0.26124.0
Project("{2150E333-8FDC-42A3-9474-1A3956D46DE8}") = "src", "src", "{B08D5EF4-4982-4E3A-9265-CD7605B58605}"
EndProject
Project("{FAE04EC0-301F-11D3-BF4B-00C04F79EFBC}") = "MasterClass.WebApi", "src\MasterClass.WebApi\MasterClass.WebApi.csproj", "{98D69469-D304-41D6-BEF2-5CE94C210021}"
EndProject
Project("{FAE04EC0-301F-11D3-BF4B-00C04F79EFBC}") = "MasterClass.Core", "src\MasterClass.Core\MasterClass.Core.csproj", "{BED6BF1C-0EBD-4B46-8638-8479064E7603}"
EndProject
Project("{FAE04EC0-301F-11D3-BF4B-00C04F79EFBC}") = "MasterClass.Repository", "src\MasterClass.Repository\MasterClass.Repository.csproj", "{1F3B8D94-B7F7-410C-86E0-FFA62B15549D}"
EndProject
Project("{FAE04EC0-301F-11D3-BF4B-00C04F79EFBC}") = "MasterClass.Business", "src\MasterClass.Business\MasterClass.Business.csproj", "{EB933B4D-2EB1-422D-998B-D01F8E43B99F}"
EndProject
Project("{FAE04EC0-301F-11D3-BF4B-00C04F79EFBC}") = "MasterClass.Service", "src\MasterClass.Service\MasterClass.Service.csproj", "{207DE8EF-6329-415E-A9FA-1FF4341F3BDB}"
EndProject
Global
	GlobalSection(SolutionConfigurationPlatforms) = preSolution
		Debug|Any CPU = Debug|Any CPU
		Debug|x64 = Debug|x64
		Debug|x86 = Debug|x86
		Release|Any CPU = Release|Any CPU
		Release|x64 = Release|x64
		Release|x86 = Release|x86
	EndGlobalSection
	GlobalSection(SolutionProperties) = preSolution
		HideSolutionNode = FALSE
	EndGlobalSection
	GlobalSection(ProjectConfigurationPlatforms) = postSolution
		{98D69469-D304-41D6-BEF2-5CE94C210021}.Debug|Any CPU.ActiveCfg = Debug|Any CPU
		{98D69469-D304-41D6-BEF2-5CE94C210021}.Debug|Any CPU.Build.0 = Debug|Any CPU
		{98D69469-D304-41D6-BEF2-5CE94C210021}.Debug|x64.ActiveCfg = Debug|Any CPU
		{98D69469-D304-41D6-BEF2-5CE94C210021}.Debug|x64.Build.0 = Debug|Any CPU
		{98D69469-D304-41D6-BEF2-5CE94C210021}.Debug|x86.ActiveCfg = Debug|Any CPU
		{98D69469-D304-41D6-BEF2-5CE94C210021}.Debug|x86.Build.0 = Debug|Any CPU
		{98D69469-D304-41D6-BEF2-5CE94C210021}.Release|Any CPU.ActiveCfg = Release|Any CPU
		{98D69469-D304-41D6-BEF2-5CE94C210021}.Release|Any CPU.Build.0 = Release|Any CPU
		{98D69469-D304-41D6-BEF2-5CE94C210021}.Release|x64.ActiveCfg = Release|Any CPU
		{98D69469-D304-41D6-BEF2-5CE94C210021}.Release|x64.Build.0 = Release|Any CPU
		{98D69469-D304-41D6-BEF2-5CE94C210021}.Release|x86.ActiveCfg = Release|Any CPU
		{98D69469-D304-41D6-BEF2-5CE94C210021}.Release|x86.Build.0 = Release|Any CPU
		{BED6BF1C-0EBD-4B46-8638-8479064E7603}.Debug|Any CPU.ActiveCfg = Debug|Any CPU
		{BED6BF1C-0EBD-4B46-8638-8479064E7603}.Debug|Any CPU.Build.0 = Debug|Any CPU
		{BED6BF1C-0EBD-4B46-8638-8479064E7603}.Debug|x64.ActiveCfg = Debug|Any CPU
		{BED6BF1C-0EBD-4B46-8638-8479064E7603}.Debug|x64.Build.0 = Debug|Any CPU
		{BED6BF1C-0EBD-4B46-8638-8479064E7603}.Debug|x86.ActiveCfg = Debug|Any CPU
		{BED6BF1C-0EBD-4B46-8638-8479064E7603}.Debug|x86.Build.0 = Debug|Any CPU
		{BED6BF1C-0EBD-4B46-8638-8479064E7603}.Release|Any CPU.ActiveCfg = Release|Any CPU
		{BED6BF1C-0EBD-4B46-8638-8479064E7603}.Release|Any CPU.Build.0 = Release|Any CPU
		{BED6BF1C-0EBD-4B46-8638-8479064E7603}.Release|x64.ActiveCfg = Release|Any CPU
		{BED6BF1C-0EBD-4B46-8638-8479064E7603}.Release|x64.Build.0 = Release|Any CPU
		{BED6BF1C-0EBD-4B46-8638-8479064E7603}.Release|x86.ActiveCfg = Release|Any CPU
		{BED6BF1C-0EBD-4B46-8638-8479064E7603}.Release|x86.Build.0 = Release|Any CPU
		{1F3B8D94-B7F7-410C-86E0-FFA62B15549D}.Debug|Any CPU.ActiveCfg = Debug|Any CPU
		{1F3B8D94-B7F7-410C-86E0-FFA62B15549D}.Debug|Any CPU.Build.0 = Debug|Any CPU
		{1F3B8D94-B7F7-410C-86E0-FFA62B15549D}.Debug|x64.ActiveCfg = Debug|Any CPU
		{1F3B8D94-B7F7-410C-86E0-FFA62B15549D}.Debug|x64.Build.0 = Debug|Any CPU
		{1F3B8D94-B7F7-410C-86E0-FFA62B15549D}.Debug|x86.ActiveCfg = Debug|Any CPU
		{1F3B8D94-B7F7-410C-86E0-FFA62B15549D}.Debug|x86.Build.0 = Debug|Any CPU
		{1F3B8D94-B7F7-410C-86E0-FFA62B15549D}.Release|Any CPU.ActiveCfg = Release|Any CPU
		{1F3B8D94-B7F7-410C-86E0-FFA62B15549D}.Release|Any CPU.Build.0 = Release|Any CPU
		{1F3B8D94-B7F7-410C-86E0-FFA62B15549D}.Release|x64.ActiveCfg = Release|Any CPU
		{1F3B8D94-B7F7-410C-86E0-FFA62B15549D}.Release|x64.Build.0 = Release|Any CPU
		{1F3B8D94-B7F7-410C-86E0-FFA62B15549D}.Release|x86.ActiveCfg = Release|Any CPU
		{1F3B8D94-B7F7-410C-86E0-FFA62B15549D}.Release|x86.Build.0 = Release|Any CPU
		{EB933B4D-2EB1-422D-998B-D01F8E43B99F}.Debug|Any CPU.ActiveCfg = Debug|Any CPU
		{EB933B4D-2EB1-422D-998B-D01F8E43B99F}.Debug|Any CPU.Build.0 = Debug|Any CPU
		{EB933B4D-2EB1-422D-998B-D01F8E43B99F}.Debug|x64.ActiveCfg = Debug|Any CPU
		{EB933B4D-2EB1-422D-998B-D01F8E43B99F}.Debug|x64.Build.0 = Debug|Any CPU
		{EB933B4D-2EB1-422D-998B-D01F8E43B99F}.Debug|x86.ActiveCfg = Debug|Any CPU
		{EB933B4D-2EB1-422D-998B-D01F8E43B99F}.Debug|x86.Build.0 = Debug|Any CPU
		{EB933B4D-2EB1-422D-998B-D01F8E43B99F}.Release|Any CPU.ActiveCfg = Release|Any CPU
		{EB933B4D-2EB1-422D-998B-D01F8E43B99F}.Release|Any CPU.Build.0 = Release|Any CPU
		{EB933B4D-2EB1-422D-998B-D01F8E43B99F}.Release|x64.ActiveCfg = Release|Any CPU
		{EB933B4D-2EB1-422D-998B-D01F8E43B99F}.Release|x64.Build.0 = Release|Any CPU
		{EB933B4D-2EB1-422D-998B-D01F8E43B99F}.Release|x86.ActiveCfg = Release|Any CPU
		{EB933B4D-2EB1-422D-998B-D01F8E43B99F}.Release|x86.Build.0 = Release|Any CPU
		{207DE8EF-6329-415E-A9FA-1FF4341F3BDB}.Debug|Any CPU.ActiveCfg = Debug|Any CPU
		{207DE8EF-6329-415E-A9FA-1FF4341F3BDB}.Debug|Any CPU.Build.0 = Debug|Any CPU
		{207DE8EF-6329-415E-A9FA-1FF4341F3BDB}.Debug|x64.ActiveCfg = Debug|Any CPU
		{207DE8EF-6329-415E-A9FA-1FF4341F3BDB}.Debug|x64.Build.0 = Debug|Any CPU
		{207DE8EF-6329-415E-A9FA-1FF4341F3BDB}.Debug|x86.ActiveCfg = Debug|Any CPU
		{207DE8EF-6329-415E-A9FA-1FF4341F3BDB}.Debug|x86.Build.0 = Debug|Any CPU
		{207DE8EF-6329-415E-A9FA-1FF4341F3BDB}.Release|Any CPU.ActiveCfg = Release|Any CPU
		{207DE8EF-6329-415E-A9FA-1FF4341F3BDB}.Release|Any CPU.Build.0 = Release|Any CPU
		{207DE8EF-6329-415E-A9FA-1FF4341F3BDB}.Release|x64.ActiveCfg = Release|Any CPU
		{207DE8EF-6329-415E-A9FA-1FF4341F3BDB}.Release|x64.Build.0 = Release|Any CPU
		{207DE8EF-6329-415E-A9FA-1FF4341F3BDB}.Release|x86.ActiveCfg = Release|Any CPU
		{207DE8EF-6329-415E-A9FA-1FF4341F3BDB}.Release|x86.Build.0 = Release|Any CPU
	EndGlobalSection
	GlobalSection(NestedProjects) = preSolution
		{98D69469-D304-41D6-BEF2-5CE94C210021} = {B08D5EF4-4982-4E3A-9265-CD7605B58605}
		{BED6BF1C-0EBD-4B46-8638-8479064E7603} = {B08D5EF4-4982-4E3A-9265-CD7605B58605}
		{1F3B8D94-B7F7-410C-86E0-FFA62B15549D} = {B08D5EF4-4982-4E3A-9265-CD7605B58605}
		{EB933B4D-2EB1-422D-998B-D01F8E43B99F} = {B08D5EF4-4982-4E3A-9265-CD7605B58605}
		{207DE8EF-6329-415E-A9FA-1FF4341F3BDB} = {B08D5EF4-4982-4E3A-9265-CD7605B58605}
	EndGlobalSection
EndGlobal
